
Microsoft Visual Studio Solution File, Format Version 12.00
# Visual Studio Version 16
VisualStudioVersion = 16.0.30104.148
MinimumVisualStudioVersion = 10.0.40219.1
Project("{FAE04EC0-301F-11D3-BF4B-00C04F79EFBC}") = "NamespaceDemo", "NamespaceDemo\NamespaceDemo.csproj", "{5B475B0D-C8E6-4898-95F3-DD7647C8CD3D}"
EndProject
Project("{FAE04EC0-301F-11D3-BF4B-00C04F79EFBC}") = "NamespaceDemo.Dll", "NamespaceDemo.Dll\NamespaceDemo.Dll.csproj", "{D5A9C4E0-39C3-4970-AF49-0B582DF5E502}"
EndProject
Project("{FAE04EC0-301F-11D3-BF4B-00C04F79EFBC}") = "NamespaceDemo.Help", "NamespaceDemo.Help\NamespaceDemo.Help.csproj", "{D45802FD-B722-467B-818F-A216B3BEB6C0}"
EndProject
Project("{FAE04EC0-301F-11D3-BF4B-00C04F79EFBC}") = "NamespaceDemo.Help.Lib", "NamespaceDemo.Help.Lib\NamespaceDemo.Help.Lib.csproj", "{F94C0605-7F7E-4AFF-8D11-6650FC40CAB9}"
EndProject
Project("{FAE04EC0-301F-11D3-BF4B-00C04F79EFBC}") = "NamespaceDemo.Dll.Lib", "NamespaceDemo.Dll.Lib\NamespaceDemo.Dll.Lib.csproj", "{6F6EF234-18C1-4C69-B503-548CE67E2441}"
EndProject
Global
	GlobalSection(SolutionConfigurationPlatforms) = preSolution
		Debug|Any CPU = Debug|Any CPU
		Release|Any CPU = Release|Any CPU
	EndGlobalSection
	GlobalSection(ProjectConfigurationPlatforms) = postSolution
		{5B475B0D-C8E6-4898-95F3-DD7647C8CD3D}.Debug|Any CPU.ActiveCfg = Debug|Any CPU
		{5B475B0D-C8E6-4898-95F3-DD7647C8CD3D}.Debug|Any CPU.Build.0 = Debug|Any CPU
		{5B475B0D-C8E6-4898-95F3-DD7647C8CD3D}.Release|Any CPU.ActiveCfg = Release|Any CPU
		{5B475B0D-C8E6-4898-95F3-DD7647C8CD3D}.Release|Any CPU.Build.0 = Release|Any CPU
		{D5A9C4E0-39C3-4970-AF49-0B582DF5E502}.Debug|Any CPU.ActiveCfg = Debug|Any CPU
		{D5A9C4E0-39C3-4970-AF49-0B582DF5E502}.Debug|Any CPU.Build.0 = Debug|Any CPU
		{D5A9C4E0-39C3-4970-AF49-0B582DF5E502}.Release|Any CPU.ActiveCfg = Release|Any CPU
		{D5A9C4E0-39C3-4970-AF49-0B582DF5E502}.Release|Any CPU.Build.0 = Release|Any CPU
		{D45802FD-B722-467B-818F-A216B3BEB6C0}.Debug|Any CPU.ActiveCfg = Debug|Any CPU
		{D45802FD-B722-467B-818F-A216B3BEB6C0}.Debug|Any CPU.Build.0 = Debug|Any CPU
		{D45802FD-B722-467B-818F-A216B3BEB6C0}.Release|Any CPU.ActiveCfg = Release|Any CPU
		{D45802FD-B722-467B-818F-A216B3BEB6C0}.Release|Any CPU.Build.0 = Release|Any CPU
		{F94C0605-7F7E-4AFF-8D11-6650FC40CAB9}.Debug|Any CPU.ActiveCfg = Debug|Any CPU
		{F94C0605-7F7E-4AFF-8D11-6650FC40CAB9}.Debug|Any CPU.Build.0 = Debug|Any CPU
		{F94C0605-7F7E-4AFF-8D11-6650FC40CAB9}.Release|Any CPU.ActiveCfg = Release|Any CPU
		{F94C0605-7F7E-4AFF-8D11-6650FC40CAB9}.Release|Any CPU.Build.0 = Release|Any CPU
		{6F6EF234-18C1-4C69-B503-548CE67E2441}.Debug|Any CPU.ActiveCfg = Debug|Any CPU
		{6F6EF234-18C1-4C69-B503-548CE67E2441}.Debug|Any CPU.Build.0 = Debug|Any CPU
		{6F6EF234-18C1-4C69-B503-548CE67E2441}.Release|Any CPU.ActiveCfg = Release|Any CPU
		{6F6EF234-18C1-4C69-B503-548CE67E2441}.Release|Any CPU.Build.0 = Release|Any CPU
	EndGlobalSection
	GlobalSection(SolutionProperties) = preSolution
		HideSolutionNode = FALSE
	EndGlobalSection
	GlobalSection(ExtensibilityGlobals) = postSolution
		SolutionGuid = {596D16B7-B1AC-4CCB-96BF-EF8CBD401A05}
	EndGlobalSection
EndGlobal
